
Microsoft Visual Studio Solution File, Format Version 12.00
# Visual Studio Version 17
VisualStudioVersion = 17.0.32112.339
MinimumVisualStudioVersion = 10.0.40219.1
Project("{9A19103F-16F7-4668-BE54-9A1E7A4F7556}") = "fos", "fos\fos.csproj", "{D9BD7612-E708-4D53-AF00-15939F5C2BEE}"
EndProject
Global
	GlobalSection(SolutionConfigurationPlatforms) = preSolution
		Debug|Any CPU = Debug|Any CPU
		Release|Any CPU = Release|Any CPU
	EndGlobalSection
	GlobalSection(ProjectConfigurationPlatforms) = postSolution
		{D9BD7612-E708-4D53-AF00-15939F5C2BEE}.Debug|Any CPU.ActiveCfg = Debug|Any CPU
		{D9BD7612-E708-4D53-AF00-15939F5C2BEE}.Debug|Any CPU.Build.0 = Debug|Any CPU
		{D9BD7612-E708-4D53-AF00-15939F5C2BEE}.Release|Any CPU.ActiveCfg = Release|Any CPU
		{D9BD7612-E708-4D53-AF00-15939F5C2BEE}.Release|Any CPU.Build.0 = Release|Any CPU
	EndGlobalSection
	GlobalSection(SolutionProperties) = preSolution
		HideSolutionNode = FALSE
	EndGlobalSection
	GlobalSection(ExtensibilityGlobals) = postSolution
		RESX_PrefixTranslations = False
		SolutionGuid = {A2704385-0161-4FEF-8FAD-36311A5EB380}
	EndGlobalSection
EndGlobal
